
Microsoft Visual Studio Solution File, Format Version 12.00
# Visual Studio Version 17
VisualStudioVersion = 17.14.36915.13 d17.14
MinimumVisualStudioVersion = 10.0.40219.1
Project("{FAE04EC0-301F-11D3-BF4B-00C04F79EFBC}") = "EVParcial1", "EVParcial1.csproj", "{1977BB84-56DA-4417-AEDD-07FA134E8B9B}"
EndProject
Global
	GlobalSection(SolutionConfigurationPlatforms) = preSolution
		Debug|Any CPU = Debug|Any CPU
		Release|Any CPU = Release|Any CPU
	EndGlobalSection
	GlobalSection(ProjectConfigurationPlatforms) = postSolution
		{1977BB84-56DA-4417-AEDD-07FA134E8B9B}.Debug|Any CPU.ActiveCfg = Debug|Any CPU
		{1977BB84-56DA-4417-AEDD-07FA134E8B9B}.Debug|Any CPU.Build.0 = Debug|Any CPU
		{1977BB84-56DA-4417-AEDD-07FA134E8B9B}.Release|Any CPU.ActiveCfg = Release|Any CPU
		{1977BB84-56DA-4417-AEDD-07FA134E8B9B}.Release|Any CPU.Build.0 = Release|Any CPU
	EndGlobalSection
	GlobalSection(SolutionProperties) = preSolution
		HideSolutionNode = FALSE
	EndGlobalSection
	GlobalSection(ExtensibilityGlobals) = postSolution
		SolutionGuid = {DBB86A0B-433A-4523-98B3-57A3A4BBC557}
	EndGlobalSection
EndGlobal
